
Microsoft Visual Studio Solution File, Format Version 12.00
# Visual Studio Version 16
VisualStudioVersion = 16.0.32106.194
MinimumVisualStudioVersion = 10.0.40219.1
Project("{FAE04EC0-301F-11D3-BF4B-00C04F79EFBC}") = "GroceryStore.UI", "GroceryStore.UI\GroceryStore.UI.csproj", "{D56F97C2-91C8-49FB-865C-510BC0E7D77F}"
EndProject
Project("{FAE04EC0-301F-11D3-BF4B-00C04F79EFBC}") = "GroceryStore.Core", "GroceryStore.Core\GroceryStore.Core.csproj", "{330D1B72-1E5E-4615-851F-36694D889783}"
EndProject
Project("{9A19103F-16F7-4668-BE54-9A1E7A4F7556}") = "GroceryStore", "GroceryStore\GroceryStore.csproj", "{96551C85-3EAE-46E8-B824-6AC1987784FB}"
EndProject
Global
	GlobalSection(SolutionConfigurationPlatforms) = preSolution
		Debug|Any CPU = Debug|Any CPU
		Release|Any CPU = Release|Any CPU
	EndGlobalSection
	GlobalSection(ProjectConfigurationPlatforms) = postSolution
		{D56F97C2-91C8-49FB-865C-510BC0E7D77F}.Debug|Any CPU.ActiveCfg = Debug|Any CPU
		{D56F97C2-91C8-49FB-865C-510BC0E7D77F}.Debug|Any CPU.Build.0 = Debug|Any CPU
		{D56F97C2-91C8-49FB-865C-510BC0E7D77F}.Release|Any CPU.ActiveCfg = Release|Any CPU
		{D56F97C2-91C8-49FB-865C-510BC0E7D77F}.Release|Any CPU.Build.0 = Release|Any CPU
		{330D1B72-1E5E-4615-851F-36694D889783}.Debug|Any CPU.ActiveCfg = Debug|Any CPU
		{330D1B72-1E5E-4615-851F-36694D889783}.Debug|Any CPU.Build.0 = Debug|Any CPU
		{330D1B72-1E5E-4615-851F-36694D889783}.Release|Any CPU.ActiveCfg = Release|Any CPU
		{330D1B72-1E5E-4615-851F-36694D889783}.Release|Any CPU.Build.0 = Release|Any CPU
		{96551C85-3EAE-46E8-B824-6AC1987784FB}.Debug|Any CPU.ActiveCfg = Debug|Any CPU
		{96551C85-3EAE-46E8-B824-6AC1987784FB}.Debug|Any CPU.Build.0 = Debug|Any CPU
		{96551C85-3EAE-46E8-B824-6AC1987784FB}.Release|Any CPU.ActiveCfg = Release|Any CPU
		{96551C85-3EAE-46E8-B824-6AC1987784FB}.Release|Any CPU.Build.0 = Release|Any CPU
	EndGlobalSection
	GlobalSection(SolutionProperties) = preSolution
		HideSolutionNode = FALSE
	EndGlobalSection
	GlobalSection(ExtensibilityGlobals) = postSolution
		SolutionGuid = {0EF9B098-96EE-438F-9F7D-83B9E436852B}
	EndGlobalSection
EndGlobal
